
Microsoft Visual Studio Solution File, Format Version 12.00
# Visual Studio 14
VisualStudioVersion = 14.0.23107.0
MinimumVisualStudioVersion = 10.0.40219.1
Project("{FAE04EC0-301F-11D3-BF4B-00C04F79EFBC}") = "UnitTestExam", "UnitTestExam\UnitTestExam.csproj", "{FDB65D84-A65D-405B-827B-73D8B1E191AD}"
EndProject
Project("{FAE04EC0-301F-11D3-BF4B-00C04F79EFBC}") = "Exam", "Exam\Exam.csproj", "{0FF4C47F-A918-4636-871F-C5554871424F}"
EndProject
Global
	GlobalSection(SolutionConfigurationPlatforms) = preSolution
		Debug|Any CPU = Debug|Any CPU
		Release|Any CPU = Release|Any CPU
	EndGlobalSection
	GlobalSection(ProjectConfigurationPlatforms) = postSolution
		{FDB65D84-A65D-405B-827B-73D8B1E191AD}.Debug|Any CPU.ActiveCfg = Debug|Any CPU
		{FDB65D84-A65D-405B-827B-73D8B1E191AD}.Debug|Any CPU.Build.0 = Debug|Any CPU
		{FDB65D84-A65D-405B-827B-73D8B1E191AD}.Release|Any CPU.ActiveCfg = Release|Any CPU
		{FDB65D84-A65D-405B-827B-73D8B1E191AD}.Release|Any CPU.Build.0 = Release|Any CPU
		{0FF4C47F-A918-4636-871F-C5554871424F}.Debug|Any CPU.ActiveCfg = Debug|Any CPU
		{0FF4C47F-A918-4636-871F-C5554871424F}.Debug|Any CPU.Build.0 = Debug|Any CPU
		{0FF4C47F-A918-4636-871F-C5554871424F}.Release|Any CPU.ActiveCfg = Release|Any CPU
		{0FF4C47F-A918-4636-871F-C5554871424F}.Release|Any CPU.Build.0 = Release|Any CPU
	EndGlobalSection
	GlobalSection(SolutionProperties) = preSolution
		HideSolutionNode = FALSE
	EndGlobalSection
EndGlobal
